schema: '2.0'
stages:
  load_data:
    cmd: python src/load_data.py
    deps:
    - path: src/load_data.py
      md5: c5787b0916e011ea4a83c7d461325188
      size: 240
    outs:
    - path: output/data.pkl
      md5: 35353c71da0985eed8bb507bbc53bd91
      size: 54950285
      isexec: true
  train:
    cmd: python src/train.py
    deps:
    - path: output/data.pkl
      md5: 35353c71da0985eed8bb507bbc53bd91
      size: 54950285
    - path: src/train.py
      md5: b2b36c7878bfafa294bb9a963b97d115
      size: 2521
    params:
      params.yaml:
        train.batch_size: 32
        train.dropout: 0.4
        train.hidden_units: 64
        train.lr: 0.001
        train.num_epochs: 5
    outs:
    - path: output/model.h5
      md5: bea5982233adfb6fa2d7f7f48337eb9b
      size: 3681752
      isexec: true
    - path: output/train/train_accuracy.csv
      md5: fa789c211f233a8ead707f84dda5c371
      size: 120
      isexec: true
    - path: output/train/train_loss.csv
      md5: fab0fb29bb1de2a3c5cdf32a2fef8ebf
      size: 118
      isexec: true
  evaluate:
    cmd: python src/evaluate.py
    deps:
    - path: output/data.pkl
      md5: 35353c71da0985eed8bb507bbc53bd91
      size: 54950285
    - path: output/model.h5
      md5: bea5982233adfb6fa2d7f7f48337eb9b
      size: 3681752
    - path: src/evaluate.py
      md5: f1de572f6c093813c7344ab3e7c569e9
      size: 3236
    outs:
    - path: output/metrics.json
      md5: b724de053117cd64317aa2642ebf7608
      size: 60
      isexec: true
    - path: output/test/predictions.json
      md5: ea375656d62140f721e41751269936f5
      size: 310000
      isexec: true
    - path: output/test/samples_of_mispredicted_images/
      md5: 6c2fc015a9dbb95e9f9de5b9524d625e.dir
      size: 174663
      nfiles: 10
